
Microsoft Visual Studio Solution File, Format Version 12.00
# Visual Studio Version 17
VisualStudioVersion = 17.11.35327.3
MinimumVisualStudioVersion = 10.0.40219.1
Project("{FAE04EC0-301F-11D3-BF4B-00C04F79EFBC}") = "Moduli_4", "Moduli_4.csproj", "{8C54CC06-A254-413E-93CA-2001FE5A8DAF}"
EndProject
Global
	GlobalSection(SolutionConfigurationPlatforms) = preSolution
		Debug|Any CPU = Debug|Any CPU
		Release|Any CPU = Release|Any CPU
	EndGlobalSection
	GlobalSection(ProjectConfigurationPlatforms) = postSolution
		{8C54CC06-A254-413E-93CA-2001FE5A8DAF}.Debug|Any CPU.ActiveCfg = Debug|Any CPU
		{8C54CC06-A254-413E-93CA-2001FE5A8DAF}.Debug|Any CPU.Build.0 = Debug|Any CPU
		{8C54CC06-A254-413E-93CA-2001FE5A8DAF}.Release|Any CPU.ActiveCfg = Release|Any CPU
		{8C54CC06-A254-413E-93CA-2001FE5A8DAF}.Release|Any CPU.Build.0 = Release|Any CPU
	EndGlobalSection
	GlobalSection(SolutionProperties) = preSolution
		HideSolutionNode = FALSE
	EndGlobalSection
	GlobalSection(ExtensibilityGlobals) = postSolution
		SolutionGuid = {E2E921AC-76D8-47C0-A196-600178F699AA}
	EndGlobalSection
EndGlobal
